{
    "_meta": {
        "hash": {
            "sha256": "d30be898fe11de9f35acccf5bf44991361e8afa41dac0cee951c0a466eef5e99"
        },
        "pipfile-spec": 6,
        "requires": {},
        "sources": [
            {
                "name": "pypi",
                "url": "https://pypi.org/simple",
                "verify_ssl": true
            },
            {
                "name": "piwigo",
                "url": "https://piwigo.ilikeviecher.com/ftp-upload/packages/",
                "verify_ssl": true
            }
        ]
    },
    "default": {
        "bottleneck": {
            "hashes": [
                "sha256:20179f0b66359792ea283b69aa16366419132f3b6cf3adadc0c48e2e8118e573"
            ],
            "index": "pypi",
            "version": "==1.3.2"
        },
        "certifi": {
            "hashes": [
                "sha256:1a4995114262bffbc2413b159f2a1a480c969de6e6eb13ee966d470af86af59c",
                "sha256:719a74fb9e33b9bd44cc7f3a8d94bc35e4049deebe19ba7d8e108280cfd59830"
            ],
            "version": "==2020.12.5"
        },
        "chardet": {
            "hashes": [
                "sha256:0d6f53a15db4120f2b08c94f11e7d93d2c911ee118b6b30a04ec3ee8310179fa",
                "sha256:f864054d66fd9118f2e67044ac8981a54775ec5b67aed0441892edb553d21da5"
            ],
            "markers": "python_version >= '2.7' and python_version not in '3.0, 3.1, 3.2, 3.3, 3.4'",
            "version": "==4.0.0"
        },
        "idna": {
            "hashes": [
                "sha256:b307872f855b18632ce0c21c5e45be78c0ea7ae4c15c828c20788b26921eb3f6",
                "sha256:b97d804b1e9b523befed77c48dacec60e6dcb0b5391d57af6a65a312a90648c0"
            ],
            "markers": "python_version >= '2.7' and python_version not in '3.0, 3.1, 3.2, 3.3'",
            "version": "==2.10"
        },
        "jsonpickle": {
            "hashes": [
                "sha256:1bd34a2ae8e51d3adbcafe83dc2d5cc81be53ada8bb16959ca6aca499bceada2",
                "sha256:423d7b5e6c606d4c0efd93819913191e375f3a23c0874f39df94d2e20dd21c93"
            ],
            "index": "pypi",
            "version": "==1.5.0"
        },
        "knecht-socketio-client": {
            "hashes": [
                "sha256:5951b73740afd40d3733823ed50a85b7ec501a90c26ecd88cb4bdee0b3e9223a"
            ],
            "index": "piwigo",
            "version": "==0.92"
        },
        "lxml": {
            "hashes": [
                "sha256:0448576c148c129594d890265b1a83b9cd76fd1f0a6a04620753d9a6bcfd0a4d",
                "sha256:127f76864468d6630e1b453d3ffbbd04b024c674f55cf0a30dc2595137892d37",
                "sha256:1471cee35eba321827d7d53d104e7b8c593ea3ad376aa2df89533ce8e1b24a01",
                "sha256:2363c35637d2d9d6f26f60a208819e7eafc4305ce39dc1d5005eccc4593331c2",
                "sha256:2e5cc908fe43fe1aa299e58046ad66981131a66aea3129aac7770c37f590a644",
                "sha256:2e6fd1b8acd005bd71e6c94f30c055594bbd0aa02ef51a22bbfa961ab63b2d75",
                "sha256:366cb750140f221523fa062d641393092813b81e15d0e25d9f7c6025f910ee80",
                "sha256:42ebca24ba2a21065fb546f3e6bd0c58c3fe9ac298f3a320147029a4850f51a2",
                "sha256:4e751e77006da34643ab782e4a5cc21ea7b755551db202bc4d3a423b307db780",
                "sha256:4fb85c447e288df535b17ebdebf0ec1cf3a3f1a8eba7e79169f4f37af43c6b98",
                "sha256:50c348995b47b5a4e330362cf39fc503b4a43b14a91c34c83b955e1805c8e308",
                "sha256:535332fe9d00c3cd455bd3dd7d4bacab86e2d564bdf7606079160fa6251caacf",
                "sha256:535f067002b0fd1a4e5296a8f1bf88193080ff992a195e66964ef2a6cfec5388",
                "sha256:5be4a2e212bb6aa045e37f7d48e3e1e4b6fd259882ed5a00786f82e8c37ce77d",
                "sha256:60a20bfc3bd234d54d49c388950195d23a5583d4108e1a1d47c9eef8d8c042b3",
                "sha256:648914abafe67f11be7d93c1a546068f8eff3c5fa938e1f94509e4a5d682b2d8",
                "sha256:681d75e1a38a69f1e64ab82fe4b1ed3fd758717bed735fb9aeaa124143f051af",
                "sha256:68a5d77e440df94011214b7db907ec8f19e439507a70c958f750c18d88f995d2",
                "sha256:69a63f83e88138ab7642d8f61418cf3180a4d8cd13995df87725cb8b893e950e",
                "sha256:6e4183800f16f3679076dfa8abf2db3083919d7e30764a069fb66b2b9eff9939",
                "sha256:6fd8d5903c2e53f49e99359b063df27fdf7acb89a52b6a12494208bf61345a03",
                "sha256:791394449e98243839fa822a637177dd42a95f4883ad3dec2a0ce6ac99fb0a9d",
                "sha256:7a7669ff50f41225ca5d6ee0a1ec8413f3a0d8aa2b109f86d540887b7ec0d72a",
                "sha256:7e9eac1e526386df7c70ef253b792a0a12dd86d833b1d329e038c7a235dfceb5",
                "sha256:7ee8af0b9f7de635c61cdd5b8534b76c52cd03536f29f51151b377f76e214a1a",
                "sha256:8246f30ca34dc712ab07e51dc34fea883c00b7ccb0e614651e49da2c49a30711",
                "sha256:8c88b599e226994ad4db29d93bc149aa1aff3dc3a4355dd5757569ba78632bdf",
                "sha256:923963e989ffbceaa210ac37afc9b906acebe945d2723e9679b643513837b089",
                "sha256:94d55bd03d8671686e3f012577d9caa5421a07286dd351dfef64791cf7c6c505",
                "sha256:97db258793d193c7b62d4e2586c6ed98d51086e93f9a3af2b2034af01450a74b",
                "sha256:a9d6bc8642e2c67db33f1247a77c53476f3a166e09067c0474facb045756087f",
                "sha256:cd11c7e8d21af997ee8079037fff88f16fda188a9776eb4b81c7e4c9c0a7d7fc",
                "sha256:d8d3d4713f0c28bdc6c806a278d998546e8efc3498949e3ace6e117462ac0a5e",
                "sha256:e0bfe9bb028974a481410432dbe1b182e8191d5d40382e5b8ff39cdd2e5c5931",
                "sha256:f4822c0660c3754f1a41a655e37cb4dbbc9be3d35b125a37fab6f82d47674ebc",
                "sha256:f83d281bb2a6217cd806f4cf0ddded436790e66f393e124dfe9731f6b3fb9afe",
                "sha256:fc37870d6716b137e80d19241d0e2cff7a7643b925dfa49b4c8ebd1295eb506e"
            ],
            "index": "pypi",
            "version": "==4.6.2"
        },
        "mbvconf": {
            "hashes": [
                "sha256:7f1e8c17d151a18d5ce9345cc0ffd5b3a895d5907412c82653b4f5c05e1f3753",
                "sha256:ad29f2abdee37f65b0b2c09d5aac055178bcb5a08243e5e16475fba675aa20af"
            ],
            "index": "piwigo",
            "version": "==0.96"
        },
        "mysql-connector": {
            "hashes": [
                "sha256:1733e6ce52a049243de3264f1fbc22a852cb35458c4ad739ba88189285efdf32"
            ],
            "index": "pypi",
            "version": "==2.2.9"
        },
        "numpy": {
            "hashes": [
                "sha256:00d7b54c025601e28f468953d065b9b121ddca7fff30bed7be082d3656dd798d",
                "sha256:02ec9582808c4e48be4e93cd629c855e644882faf704bc2bd6bbf58c08a2a897",
                "sha256:0e6f72f7bb08f2f350ed4408bb7acdc0daba637e73bce9f5ea2b207039f3af88",
                "sha256:1be2e96314a66f5f1ce7764274327fd4fb9da58584eaff00b5a5221edefee7d6",
                "sha256:2466fbcf23711ebc5daa61d28ced319a6159b260a18839993d871096d66b93f7",
                "sha256:2b573fcf6f9863ce746e4ad00ac18a948978bb3781cffa4305134d31801f3e26",
                "sha256:3f0dae97e1126f529ebb66f3c63514a0f72a177b90d56e4bce8a0b5def34627a",
                "sha256:50fb72bcbc2cf11e066579cb53c4ca8ac0227abb512b6cbc1faa02d1595a2a5d",
                "sha256:57aea170fb23b1fd54fa537359d90d383d9bf5937ee54ae8045a723caa5e0961",
                "sha256:709c2999b6bd36cdaf85cf888d8512da7433529f14a3689d6e37ab5242e7add5",
                "sha256:7d59f21e43bbfd9a10953a7e26b35b6849d888fc5a331fa84a2d9c37bd9fe2a2",
                "sha256:904b513ab8fbcbdb062bed1ce2f794ab20208a1b01ce9bd90776c6c7e7257032",
                "sha256:96dd36f5cdde152fd6977d1bbc0f0561bccffecfde63cd397c8e6033eb66baba",
                "sha256:9933b81fecbe935e6a7dc89cbd2b99fea1bf362f2790daf9422a7bb1dc3c3085",
                "sha256:bbcc85aaf4cd84ba057decaead058f43191cc0e30d6bc5d44fe336dc3d3f4509",
                "sha256:dccd380d8e025c867ddcb2f84b439722cf1f23f3a319381eac45fd077dee7170",
                "sha256:e22cd0f72fc931d6abc69dc7764484ee20c6a60b0d0fee9ce0426029b1c1bdae",
                "sha256:ed722aefb0ebffd10b32e67f48e8ac4c5c4cf5d3a785024fdf0e9eb17529cd9d",
                "sha256:efb7ac5572c9a57159cf92c508aad9f856f1cb8e8302d7fdb99061dbe52d712c",
                "sha256:efdba339fffb0e80fcc19524e4fdbda2e2b5772ea46720c44eaac28096d60720",
                "sha256:f22273dd6a403ed870207b853a856ff6327d5cbce7a835dfa0645b3fc00273ec"
            ],
            "index": "pypi",
            "version": "==1.18.4"
        },
        "openimageio": {
            "hashes": [
                "sha256:b2dd77fb2970520cdb236f5e060430b471ee2e966f156743479964677264a4ab"
            ],
            "index": "piwigo",
            "version": "==2.1.16"
        },
        "pandas": {
            "hashes": [
                "sha256:05ca6bda50123158eb15e716789083ca4c3b874fd47688df1716daa72644ee1c",
                "sha256:08b6bbe74ae2b3e4741a744d2bce35ce0868a6b4189d8b84be26bb334f73da4c",
                "sha256:14ed84b463e9b84c8ff9308a79b04bf591ae3122a376ee0f62c68a1bd917a773",
                "sha256:214ae60b1f863844e97c87f758c29940ffad96c666257323a4bb2a33c58719c2",
                "sha256:230de25bd9791748b2638c726a5f37d77a96a83854710110fadd068d1e2c2c9f",
                "sha256:26b4919eb3039a686a86cd4f4a74224f8f66e3a419767da26909dcdd3b37c31e",
                "sha256:4d33537a375cfb2db4d388f9a929b6582a364137ea6c6b161b0166440d6ffe36",
                "sha256:69a70d79a791fa1fd5f6e84b8b6dec2ec92369bde4ab2e18d43fc8a1825f51d1",
                "sha256:8ac028cd9a6e1efe43f3dc36f708263838283535cc45430a98b9803f44f4c84b",
                "sha256:a50cf3110a1914442e7b7b9cef394ef6bed0d801b8a34d56f4c4e927bbbcc7d0",
                "sha256:c43d1beb098a1da15934262009a7120aac8dafa20d042b31dab48c28868eb5a4",
                "sha256:c76a108272a4de63189b8f64086bbaf8348841d7e610b52f50959fbbf401524f",
                "sha256:cbad4155028b8ca66aa19a8b13f593ebbf51bfb6c3f2685fe64f04d695a81864",
                "sha256:e3c250faaf9979d0ec836d25e420428db37783fa5fed218da49c9fc06f80f51c",
                "sha256:e61a089151f1ed78682aa77a3bcae0495cf8e585546c26924857d7e8a9960568",
                "sha256:e9bbcc7b5c432600797981706f5b54611990c6a86b2e424329c995eea5f9c42b",
                "sha256:fbddbb20f30308ba2546193d64e18c23b69f59d48cdef73676cbed803495c8dc",
                "sha256:fc351cd2df318674669481eb978a7799f24fd14ef26987a1aa75105b0531d1a1"
            ],
            "markers": "python_full_version >= '3.7.1'",
            "version": "==1.2.2"
        },
        "plmxml": {
            "hashes": [
                "sha256:18a57b4657155756be2edf5bf53330b9b9fe2af2ddc6d2bdf3d1e6ee1d891a26",
                "sha256:204292fb1785636d1006225d3e951470a91eb06134f1e662a85f283524ba84b6"
            ],
            "version": "==0.953"
        },
        "pyside2": {
            "hashes": [
                "sha256:0558ced3bcd7f9da638fa8b7709dba5dae82a38728e481aac8b9058ea22fcdd9",
                "sha256:081d8c8a6c65fb1392856a547814c0c014e25ac04b38b987d9a3483e879e9634",
                "sha256:087a0b719bb967405ea85fd202757c761f1fc73d0e2397bc3a6a15376782ee75",
                "sha256:1316aa22dd330df096daf7b0defe9c00297a66e0b4907f057aaa3e88c53d1aff",
                "sha256:4f17a0161995678110447711d685fcd7b15b762810e8f00f6dc239bffb70a32e",
                "sha256:976cacf01ef3b397a680f9228af7d3d6273b9254457ad4204731507c1f9e6c3c"
            ],
            "index": "pypi",
            "version": "==5.15.2"
        },
        "python-dateutil": {
            "hashes": [
                "sha256:73ebfe9dbf22e832286dafa60473e4cd239f8592f699aa5adaf10050e6e1823c",
                "sha256:75bb3f31ea686f1197762692a9ee6a7550b59fc6ca3a1f4b5d7e32fb98e2da2a"
            ],
            "markers": "python_version >= '2.7' and python_version not in '3.0, 3.1, 3.2, 3.3'",
            "version": "==2.8.1"
        },
        "python-engineio": {
            "hashes": [
                "sha256:5a9e6086d192463b04a1428ff1f85b6ba631bbb19d453b144ffc04f530542b84",
                "sha256:eab4553f2804c1ce97054c8b22cf0d5a9ab23128075248b97e1a5b2f29553085"
            ],
            "index": "pypi",
            "version": "==3.14.2"
        },
        "python-socketio": {
            "hashes": [
                "sha256:5a21da53fdbdc6bb6c8071f40e13d100e0b279ad997681c2492478e06f370523",
                "sha256:cd1f5aa492c1eb2be77838e837a495f117e17f686029ebc03d62c09e33f4fa10"
            ],
            "index": "pypi",
            "version": "==4.6.1"
        },
        "pytz": {
            "hashes": [
                "sha256:83a4a90894bf38e243cf052c8b58f381bfe9a7a483f6a9cab140bc7f702ac4da",
                "sha256:eb10ce3e7736052ed3623d49975ce333bcd712c7bb19a58b9e2089d4057d0798"
            ],
            "version": "==2021.1"
        },
        "requests": {
            "hashes": [
                "sha256:27973dd4a904a4f13b263a19c866c13b92a39ed1c964655f025f3f8d3d75b804",
                "sha256:c210084e36a42ae6b9219e00e48287def368a26d03a048ddad7bfee44f75871e"
            ],
            "index": "pypi",
            "version": "==2.25.1"
        },
        "shiboken2": {
            "hashes": [
                "sha256:03f41b0693b91c7f89627f1085a4ecbe8591c03f904118a034854d935e0e766c",
                "sha256:14a33169cf1bd919e4c4c4408fffbcd424c919a3f702df412b8d72b694e4c1d5",
                "sha256:4aee1b91e339578f9831e824ce2a1ec3ba3a463f41fda8946b4547c7eb3cba86",
                "sha256:89c157a0e2271909330e1655892e7039249f7b79a64a443d52c512337065cde0",
                "sha256:ae8ca41274cfa057106268b6249674ca669c5b21009ec49b16d77665ab9619ed",
                "sha256:edc12a4df2b5be7ca1e762ab94e331ba9e2fbfe3932c20378d8aa3f73f90e0af"
            ],
            "markers": "python_version >= '2.7' and python_version not in '3.0, 3.1, 3.2, 3.3, 3.4' and python_version < '3.10'",
            "version": "==5.15.2"
        },
        "six": {
            "hashes": [
                "sha256:30639c035cdb23534cd4aa2dd52c3bf48f06e5f4a941509c8bafd8ce11080259",
                "sha256:8b74bedcbbbaca38ff6d7491d76f2b06b3592611af620f8426e82dddb04a5ced"
            ],
            "markers": "python_version >= '2.7' and python_version not in '3.0, 3.1, 3.2, 3.3'",
            "version": "==1.15.0"
        },
        "ujson": {
            "hashes": [
                "sha256:0190d26c0e990c17ad072ec8593647218fe1c675d11089cd3d1440175b568967",
                "sha256:0ea07fe57f9157118ca689e7f6db72759395b99121c0ff038d2e38649c626fb1",
                "sha256:30962467c36ff6de6161d784cd2a6aac1097f0128b522d6e9291678e34fb2b47",
                "sha256:4d6d061563470cac889c0a9fd367013a5dbd8efc36ad01ab3e67a57e56cad720",
                "sha256:5e1636b94c7f1f59a8ead4c8a7bab1b12cc52d4c21ababa295ffec56b445fd2a",
                "sha256:7333e8bc45ea28c74ae26157eacaed5e5629dbada32e0103c23eb368f93af108",
                "sha256:84b1dca0d53b0a8d58835f72ea2894e4d6cf7a5dd8f520ab4cbd698c81e49737",
                "sha256:91396a585ba51f84dc71c8da60cdc86de6b60ba0272c389b6482020a1fac9394",
                "sha256:a214ba5a21dad71a43c0f5aef917cd56a2d70bc974d845be211c66b6742a471c",
                "sha256:aad6d92f4d71e37ea70e966500f1951ecd065edca3a70d3861b37b176dd6702c",
                "sha256:b3a6dcc660220539aa718bcc9dbd6dedf2a01d19c875d1033f028f212e36d6bb",
                "sha256:b5c70704962cf93ec6ea3271a47d952b75ae1980d6c56b8496cec2a722075939",
                "sha256:c615a9e9e378a7383b756b7e7a73c38b22aeb8967a8bfbffd4741f7ffd043c4d",
                "sha256:d3a87888c40b5bfcf69b4030427cd666893e826e82cc8608d1ba8b4b5e04ea99",
                "sha256:e2cadeb0ddc98e3963bea266cc5b884e5d77d73adf807f0bda9eca64d1c509d5",
                "sha256:e390df0dcc7897ffb98e17eae1f4c442c39c91814c298ad84d935a3c5c7a32fa",
                "sha256:e6e90330670c78e727d6637bb5a215d3e093d8e3570d439fd4922942f88da361",
                "sha256:eb6b25a7670c7537a5998e695fa62ff13c7f9c33faf82927adf4daa460d5f62e",
                "sha256:f273a875c0b42c2a019c337631bc1907f6fdfbc84210cc0d1fff0e2019bbfaec",
                "sha256:f8aded54c2bc554ce20b397f72101737dd61ee7b81c771684a7dd7805e6cca0c",
                "sha256:fc51e545d65689c398161f07fd405104956ec27f22453de85898fa088b2cd4bb"
            ],
            "index": "pypi",
            "version": "==4.0.2"
        },
        "urllib3": {
            "hashes": [
                "sha256:1b465e494e3e0d8939b50680403e3aedaa2bc434b7d5af64dfd3c958d7f5ae80",
                "sha256:de3eedaad74a2683334e282005cd8d7f22f4d55fa690a2a1020a416cb0a47e73"
            ],
            "markers": "python_version >= '2.7' and python_version not in '3.0, 3.1, 3.2, 3.3, 3.4' and python_version < '4'",
            "version": "==1.26.3"
        },
        "websocket-client": {
            "hashes": [
                "sha256:0fc45c961324d79c781bab301359d5a1b00b13ad1b10415a4780229ef71a5549",
                "sha256:d735b91d6d1692a6a181f2a8c9e0238e5f6373356f561bb9dc4c7af36f452010"
            ],
            "version": "==0.57.0"
        },
        "xlrd": {
            "hashes": [
                "sha256:6a33ee89877bd9abc1158129f6e94be74e2679636b8a205b43b85206c3f0bbdd",
                "sha256:f72f148f54442c6b056bf931dbc34f986fd0c3b0b6b5a58d013c9aef274d0c88"
            ],
            "markers": "python_version >= '2.7' and python_version not in '3.0, 3.1, 3.2, 3.3, 3.4, 3.5'",
            "version": "==2.0.1"
        }
    },
    "develop": {
        "altgraph": {
            "hashes": [
                "sha256:1f05a47122542f97028caf78775a095fbe6a2699b5089de8477eb583167d69aa",
                "sha256:c623e5f3408ca61d4016f23a681b9adb100802ca3e3da5e718915a9e4052cebe"
            ],
            "version": "==0.17"
        },
        "bcrypt": {
            "hashes": [
                "sha256:5b93c1726e50a93a033c36e5ca7fdcd29a5c7395af50a6892f5d9e7c6cfbfb29",
                "sha256:63d4e3ff96188e5898779b6057878fecf3f11cfe6ec3b313ea09955d587ec7a7",
                "sha256:81fec756feff5b6818ea7ab031205e1d323d8943d237303baca2c5f9c7846f34",
                "sha256:a67fb841b35c28a59cebed05fbd3e80eea26e6d75851f0574a9273c80f3e9b55",
                "sha256:c95d4cbebffafcdd28bd28bb4e25b31c50f6da605c81ffd9ad8a3d1b2ab7b1b6",
                "sha256:cd1ea2ff3038509ea95f687256c46b79f5fc382ad0aa3664d200047546d511d1",
                "sha256:cdcdcb3972027f83fe24a48b1e90ea4b584d35f1cc279d76de6fc4b13376239d"
            ],
            "markers": "python_version >= '3.6'",
            "version": "==3.2.0"
        },
        "cffi": {
            "hashes": [
                "sha256:005a36f41773e148deac64b08f233873a4d0c18b053d37da83f6af4d9087b813",
                "sha256:0857f0ae312d855239a55c81ef453ee8fd24136eaba8e87a2eceba644c0d4c06",
                "sha256:1071534bbbf8cbb31b498d5d9db0f274f2f7a865adca4ae429e147ba40f73dea",
                "sha256:158d0d15119b4b7ff6b926536763dc0714313aa59e320ddf787502c70c4d4bee",
                "sha256:1f436816fc868b098b0d63b8920de7d208c90a67212546d02f84fe78a9c26396",
                "sha256:2894f2df484ff56d717bead0a5c2abb6b9d2bf26d6960c4604d5c48bbc30ee73",
                "sha256:29314480e958fd8aab22e4a58b355b629c59bf5f2ac2492b61e3dc06d8c7a315",
                "sha256:34eff4b97f3d982fb93e2831e6750127d1355a923ebaeeb565407b3d2f8d41a1",
                "sha256:35f27e6eb43380fa080dccf676dece30bef72e4a67617ffda586641cd4508d49",
                "sha256:3d3dd4c9e559eb172ecf00a2a7517e97d1e96de2a5e610bd9b68cea3925b4892",
                "sha256:43e0b9d9e2c9e5d152946b9c5fe062c151614b262fda2e7b201204de0b99e482",
                "sha256:48e1c69bbacfc3d932221851b39d49e81567a4d4aac3b21258d9c24578280058",
                "sha256:51182f8927c5af975fece87b1b369f722c570fe169f9880764b1ee3bca8347b5",
                "sha256:58e3f59d583d413809d60779492342801d6e82fefb89c86a38e040c16883be53",
                "sha256:5de7970188bb46b7bf9858eb6890aad302577a5f6f75091fd7cdd3ef13ef3045",
                "sha256:65fa59693c62cf06e45ddbb822165394a288edce9e276647f0046e1ec26920f3",
                "sha256:69e395c24fc60aad6bb4fa7e583698ea6cc684648e1ffb7fe85e3c1ca131a7d5",
                "sha256:6c97d7350133666fbb5cf4abdc1178c812cb205dc6f41d174a7b0f18fb93337e",
                "sha256:6e4714cc64f474e4d6e37cfff31a814b509a35cb17de4fb1999907575684479c",
                "sha256:72d8d3ef52c208ee1c7b2e341f7d71c6fd3157138abf1a95166e6165dd5d4369",
                "sha256:8ae6299f6c68de06f136f1f9e69458eae58f1dacf10af5c17353eae03aa0d827",
                "sha256:8b198cec6c72df5289c05b05b8b0969819783f9418e0409865dac47288d2a053",
                "sha256:99cd03ae7988a93dd00bcd9d0b75e1f6c426063d6f03d2f90b89e29b25b82dfa",
                "sha256:9cf8022fb8d07a97c178b02327b284521c7708d7c71a9c9c355c178ac4bbd3d4",
                "sha256:9de2e279153a443c656f2defd67769e6d1e4163952b3c622dcea5b08a6405322",
                "sha256:9e93e79c2551ff263400e1e4be085a1210e12073a31c2011dbbda14bda0c6132",
                "sha256:9ff227395193126d82e60319a673a037d5de84633f11279e336f9c0f189ecc62",
                "sha256:a465da611f6fa124963b91bf432d960a555563efe4ed1cc403ba5077b15370aa",
                "sha256:ad17025d226ee5beec591b52800c11680fca3df50b8b29fe51d882576e039ee0",
                "sha256:afb29c1ba2e5a3736f1c301d9d0abe3ec8b86957d04ddfa9d7a6a42b9367e396",
                "sha256:b85eb46a81787c50650f2392b9b4ef23e1f126313b9e0e9013b35c15e4288e2e",
                "sha256:bb89f306e5da99f4d922728ddcd6f7fcebb3241fc40edebcb7284d7514741991",
                "sha256:cbde590d4faaa07c72bf979734738f328d239913ba3e043b1e98fe9a39f8b2b6",
                "sha256:cd2868886d547469123fadc46eac7ea5253ea7fcb139f12e1dfc2bbd406427d1",
                "sha256:d42b11d692e11b6634f7613ad8df5d6d5f8875f5d48939520d351007b3c13406",
                "sha256:f2d45f97ab6bb54753eab54fffe75aaf3de4ff2341c9daee1987ee1837636f1d",
                "sha256:fd78e5fee591709f32ef6edb9a015b4aa1a5022598e36227500c8f4e02328d9c"
            ],
            "version": "==1.14.5"
        },
        "cryptography": {
            "hashes": [
                "sha256:2d32223e5b0ee02943f32b19245b61a62db83a882f0e76cc564e1cec60d48f87",
                "sha256:57ad77d32917bc55299b16d3b996ffa42a1c73c6cfa829b14043c561288d2799",
                "sha256:5ecf2bcb34d17415e89b546dbb44e73080f747e504273e4d4987630493cded1b",
                "sha256:66b57a9ca4b3221d51b237094b0303843b914b7d5afd4349970bb26518e350b0",
                "sha256:93cfe5b7ff006de13e1e89830810ecbd014791b042cbe5eec253be11ac2b28f3",
                "sha256:df186fcbf86dc1ce56305becb8434e4b6b7504bc724b71ad7a3239e0c9d14ef2",
                "sha256:fec7fb46b10da10d9e1d078d1ff8ed9e05ae14f431fdbd11145edd0550b9a964"
            ],
            "markers": "python_version >= '3.6'",
            "version": "==3.4.6"
        },
        "future": {
            "hashes": [
                "sha256:b1bead90b70cf6ec3f0710ae53a525360fa360d306a86583adc6bf83a4db537d"
            ],
            "markers": "python_version >= '2.6' and python_version not in '3.0, 3.1, 3.2, 3.3'",
            "version": "==0.18.2"
        },
        "paramiko": {
            "hashes": [
                "sha256:4f3e316fef2ac628b05097a637af35685183111d4bc1b5979bd397c2ab7b5898",
                "sha256:7f36f4ba2c0d81d219f4595e35f70d56cc94f9ac40a6acdf51d6ca210ce65035"
            ],
            "index": "pypi",
            "version": "==2.7.2"
        },
        "pefile": {
            "hashes": [
                "sha256:a5d6e8305c6b210849b47a6174ddf9c452b2888340b8177874b862ba6c207645"
            ],
            "markers": "sys_platform == 'win32'",
            "version": "==2019.4.18"
        },
        "pycparser": {
            "hashes": [
                "sha256:2d475327684562c3a96cc71adf7dc8c4f0565175cf86b6d7a404ff4c771f15f0",
                "sha256:7582ad22678f0fcd81102833f60ef8d0e57288b6b5fb00323d101be910e35705"
            ],
            "markers": "python_version >= '2.7' and python_version not in '3.0, 3.1, 3.2, 3.3'",
            "version": "==2.20"
        },
        "pyinstaller": {
            "hashes": [
                "sha256:f5c0eeb2aa663cce9a5404292c0195011fa500a6501c873a466b2e8cad3c950c"
            ],
            "index": "pypi",
            "version": "==4.2"
        },
        "pyinstaller-hooks-contrib": {
            "hashes": [
                "sha256:fa8280b79d8a2b267a2e43ff44f73b3e4a68fc8d205b8d34e8e06c960f7c2fcf",
                "sha256:fc3290a2ca337d1d58c579c223201360bfe74caed6454eaf5a2550b77dbda45c"
            ],
            "version": "==2020.11"
        },
        "pynacl": {
            "hashes": [
                "sha256:06cbb4d9b2c4bd3c8dc0d267416aaed79906e7b33f114ddbf0911969794b1cc4",
                "sha256:11335f09060af52c97137d4ac54285bcb7df0cef29014a1a4efe64ac065434c4",
                "sha256:2fe0fc5a2480361dcaf4e6e7cea00e078fcda07ba45f811b167e3f99e8cff574",
                "sha256:30f9b96db44e09b3304f9ea95079b1b7316b2b4f3744fe3aaecccd95d547063d",
                "sha256:4e10569f8cbed81cb7526ae137049759d2a8d57726d52c1a000a3ce366779634",
                "sha256:511d269ee845037b95c9781aa702f90ccc36036f95d0f31373a6a79bd8242e25",
                "sha256:537a7ccbea22905a0ab36ea58577b39d1fa9b1884869d173b5cf111f006f689f",
                "sha256:54e9a2c849c742006516ad56a88f5c74bf2ce92c9f67435187c3c5953b346505",
                "sha256:757250ddb3bff1eecd7e41e65f7f833a8405fede0194319f87899690624f2122",
                "sha256:7757ae33dae81c300487591c68790dfb5145c7d03324000433d9a2c141f82af7",
                "sha256:7c6092102219f59ff29788860ccb021e80fffd953920c4a8653889c029b2d420",
                "sha256:8122ba5f2a2169ca5da936b2e5a511740ffb73979381b4229d9188f6dcb22f1f",
                "sha256:9c4a7ea4fb81536c1b1f5cc44d54a296f96ae78c1ebd2311bd0b60be45a48d96",
                "sha256:c914f78da4953b33d4685e3cdc7ce63401247a21425c16a39760e282075ac4a6",
                "sha256:cd401ccbc2a249a47a3a1724c2918fcd04be1f7b54eb2a5a71ff915db0ac51c6",
                "sha256:d452a6746f0a7e11121e64625109bc4468fc3100452817001dbe018bb8b08514",
                "sha256:ea6841bc3a76fa4942ce00f3bda7d436fda21e2d91602b9e21b7ca9ecab8f3ff",
                "sha256:f8851ab9041756003119368c1e6cd0b9c631f46d686b3904b18c0139f4419f80"
            ],
            "markers": "python_version >= '2.7' and python_version not in '3.0, 3.1, 3.2, 3.3'",
            "version": "==1.4.0"
        },
        "pywin32-ctypes": {
            "hashes": [
                "sha256:24ffc3b341d457d48e8922352130cf2644024a4ff09762a2261fd34c36ee5942",
                "sha256:9dc2d991b3479cc2df15930958b674a48a227d5361d413827a4cfd0b5876fc98"
            ],
            "markers": "sys_platform == 'win32'",
            "version": "==0.2.0"
        },
        "six": {
            "hashes": [
                "sha256:30639c035cdb23534cd4aa2dd52c3bf48f06e5f4a941509c8bafd8ce11080259",
                "sha256:8b74bedcbbbaca38ff6d7491d76f2b06b3592611af620f8426e82dddb04a5ced"
            ],
            "markers": "python_version >= '2.7' and python_version not in '3.0, 3.1, 3.2, 3.3'",
            "version": "==1.15.0"
        }
    }
}
